<?xml version="1.0" encoding="utf-8"?>
<Project ToolsVersion="4.0" xmlns="http://schemas.microsoft.com/developer/msbuild/2003">
  <ItemGroup>
    <Filter Include="Source Files">
      <UniqueIdentifier>{4FC737F1-C7A5-4376-A066-2A32D752A2FF}</UniqueIdentifier>
      <Extensions>cpp;c;cc;cxx;def;odl;idl;hpj;bat;asm;asmx</Extensions>
    </Filter>
    <Filter Include="Source Files\Geometry tools">
      <UniqueIdentifier>{98e37ac0-d63f-4f5b-ae84-f89f6943be7e}</UniqueIdentifier>
    </Filter>
    <Filter Include="Header Files">
      <UniqueIdentifier>{93995380-89BD-4b04-88EB-625FBE52EBFB}</UniqueIdentifier>
      <Extensions>h;hpp;hxx;hm;inl;inc;xsd</Extensions>
    </Filter>
    <Filter Include="Resource Files">
      <UniqueIdentifier>{67DA6AB6-F800-4c08-8B7A-83BB121AAD01}</UniqueIdentifier>
      <Extensions>rc;ico;cur;bmp;dlg;rc2;rct;bin;rgs;gif;jpg;jpeg;jpe;resx;tiff;tif;png;wav</Extensions>
    </Filter>
  </ItemGroup>
  <ItemGroup>
    <ClCompile Include="..\SWMM\Engine\climate.c">
      <Filter>Source Files</Filter>
    </ClCompile>
    <ClCompile Include="..\SWMM\Engine\controls.c">
      <Filter>Source Files</Filter>
    </ClCompile>
    <ClCompile Include="..\SWMM\Engine\culvert.c">
      <Filter>Source Files</Filter>
    </ClCompile>
    <ClCompile Include="..\SWMM\Engine\datetime.c">
      <Filter>Source Files</Filter>
    </ClCompile>
    <ClCompile Include="src\dem.c">
      <Filter>Source Files</Filter>
    </ClCompile>
    <ClCompile Include="src\dw2Dflow.c">
      <Filter>Source Files</Filter>
    </ClCompile>
    <ClCompile Include="..\SWMM\Engine\dwflow.c">
      <Filter>Source Files</Filter>
    </ClCompile>
    <ClCompile Include="..\SWMM\Engine\dynwave.c">
      <Filter>Source Files</Filter>
    </ClCompile>
    <ClCompile Include="..\SWMM\Engine\error.c">
      <Filter>Source Files</Filter>
    </ClCompile>
    <ClCompile Include="..\SWMM\Engine\findroot.c">
      <Filter>Source Files</Filter>
    </ClCompile>
    <ClCompile Include="..\SWMM\Engine\flowrout.c">
      <Filter>Source Files</Filter>
    </ClCompile>
    <ClCompile Include="..\SWMM\Engine\forcmain.c">
      <Filter>Source Files</Filter>
    </ClCompile>
    <ClCompile Include="..\SWMM\Engine\gage.c">
      <Filter>Source Files</Filter>
    </ClCompile>
    <ClCompile Include="..\SWMM\Engine\gwater.c">
      <Filter>Source Files</Filter>
    </ClCompile>
    <ClCompile Include="..\SWMM\Engine\hash.c">
      <Filter>Source Files</Filter>
    </ClCompile>
    <ClCompile Include="..\SWMM\Engine\hotstart.c">
      <Filter>Source Files</Filter>
    </ClCompile>
    <ClCompile Include="..\SWMM\Engine\iface.c">
      <Filter>Source Files</Filter>
    </ClCompile>
    <ClCompile Include="..\SWMM\Engine\infil.c">
      <Filter>Source Files</Filter>
    </ClCompile>
    <ClCompile Include="..\SWMM\Engine\inflow.c">
      <Filter>Source Files</Filter>
    </ClCompile>
    <ClCompile Include="..\SWMM\Engine\input.c">
      <Filter>Source Files</Filter>
    </ClCompile>
    <ClCompile Include="..\SWMM\Engine\inputrpt.c">
      <Filter>Source Files</Filter>
    </ClCompile>
    <ClCompile Include="..\SWMM\Engine\keywords.c">
      <Filter>Source Files</Filter>
    </ClCompile>
    <ClCompile Include="..\SWMM\Engine\kinwave.c">
      <Filter>Source Files</Filter>
    </ClCompile>
    <ClCompile Include="..\SWMM\Engine\landuse.c">
      <Filter>Source Files</Filter>
    </ClCompile>
    <ClCompile Include="..\SWMM\Engine\lid.c">
      <Filter>Source Files</Filter>
    </ClCompile>
    <ClCompile Include="..\SWMM\Engine\lidproc.c">
      <Filter>Source Files</Filter>
    </ClCompile>
    <ClCompile Include="..\SWMM\Engine\link.c">
      <Filter>Source Files</Filter>
    </ClCompile>
    <ClCompile Include="..\SWMM\Engine\massbal.c">
      <Filter>Source Files</Filter>
    </ClCompile>
    <ClCompile Include="..\SWMM\Engine\mathexpr.c">
      <Filter>Source Files</Filter>
    </ClCompile>
    <ClCompile Include="..\SWMM\Engine\mempool.c">
      <Filter>Source Files</Filter>
    </ClCompile>
    <ClCompile Include="..\SWMM\Engine\node.c">
      <Filter>Source Files</Filter>
    </ClCompile>
    <ClCompile Include="..\SWMM\Engine\odesolve.c">
      <Filter>Source Files</Filter>
    </ClCompile>
    <ClCompile Include="..\SWMM\Engine\output.c">
      <Filter>Source Files</Filter>
    </ClCompile>
    <ClCompile Include="..\SWMM\Engine\project.c">
      <Filter>Source Files</Filter>
    </ClCompile>
    <ClCompile Include="..\SWMM\Engine\qualrout.c">
      <Filter>Source Files</Filter>
    </ClCompile>
    <ClCompile Include="..\SWMM\Engine\rain.c">
      <Filter>Source Files</Filter>
    </ClCompile>
    <ClCompile Include="..\SWMM\Engine\rdii.c">
      <Filter>Source Files</Filter>
    </ClCompile>
    <ClCompile Include="..\SWMM\Engine\report.c">
      <Filter>Source Files</Filter>
    </ClCompile>
    <ClCompile Include="..\SWMM\Engine\routing.c">
      <Filter>Source Files</Filter>
    </ClCompile>
    <ClCompile Include="..\SWMM\Engine\runoff.c">
      <Filter>Source Files</Filter>
    </ClCompile>
    <ClCompile Include="..\SWMM\Engine\shape.c">
      <Filter>Source Files</Filter>
    </ClCompile>
    <ClCompile Include="..\SWMM\Engine\snow.c">
      <Filter>Source Files</Filter>
    </ClCompile>
    <ClCompile Include="..\SWMM\Engine\stats.c">
      <Filter>Source Files</Filter>
    </ClCompile>
    <ClCompile Include="..\SWMM\Engine\statsrpt.c">
      <Filter>Source Files</Filter>
    </ClCompile>
    <ClCompile Include="..\SWMM\Engine\subcatch.c">
      <Filter>Source Files</Filter>
    </ClCompile>
    <ClCompile Include="..\SWMM\Engine\swmm5.c">
      <Filter>Source Files</Filter>
    </ClCompile>
    <ClCompile Include="..\SWMM\Engine\table.c">
      <Filter>Source Files</Filter>
    </ClCompile>
    <ClCompile Include="..\SWMM\Engine\toposort.c">
      <Filter>Source Files</Filter>
    </ClCompile>
    <ClCompile Include="..\SWMM\Engine\transect.c">
      <Filter>Source Files</Filter>
    </ClCompile>
    <ClCompile Include="..\SWMM\Engine\treatmnt.c">
      <Filter>Source Files</Filter>
    </ClCompile>
    <ClCompile Include="..\SWMM\Engine\xsect.c">
      <Filter>Source Files</Filter>
    </ClCompile>
    <ClCompile Include="Geometry\Clockwise.cpp">
      <Filter>Source Files\Geometry tools</Filter>
    </ClCompile>
    <ClCompile Include="Geometry\PlaneFit.cpp">
      <Filter>Source Files\Geometry tools</Filter>
    </ClCompile>
  </ItemGroup>
  <ItemGroup>
    <ClInclude Include="Geometry\Clockwise.h">
      <Filter>Header Files</Filter>
    </ClInclude>
    <ClInclude Include="..\SWMM\Engine\consts.h">
      <Filter>Header Files</Filter>
    </ClInclude>
    <ClInclude Include="..\SWMM\Engine\datetime.h">
      <Filter>Header Files</Filter>
    </ClInclude>
    <ClInclude Include="src\dem.h">
      <Filter>Header Files</Filter>
    </ClInclude>
    <ClInclude Include="..\SWMM\Engine\enums.h">
      <Filter>Header Files</Filter>
    </ClInclude>
    <ClInclude Include="..\SWMM\Engine\error.h">
      <Filter>Header Files</Filter>
    </ClInclude>
    <ClInclude Include="..\SWMM\Engine\findroot.h">
      <Filter>Header Files</Filter>
    </ClInclude>
    <ClInclude Include="..\SWMM\Engine\funcs.h">
      <Filter>Header Files</Filter>
    </ClInclude>
    <ClInclude Include="..\SWMM\Engine\globals.h">
      <Filter>Header Files</Filter>
    </ClInclude>
    <ClInclude Include="..\SWMM\Engine\hash.h">
      <Filter>Header Files</Filter>
    </ClInclude>
    <ClInclude Include="..\SWMM\Engine\headers.h">
      <Filter>Header Files</Filter>
    </ClInclude>
    <ClInclude Include="..\SWMM\Engine\infil.h">
      <Filter>Header Files</Filter>
    </ClInclude>
    <ClInclude Include="..\SWMM\Engine\keywords.h">
      <Filter>Header Files</Filter>
    </ClInclude>
    <ClInclude Include="..\SWMM\Engine\lid.h">
      <Filter>Header Files</Filter>
    </ClInclude>
    <ClInclude Include="..\SWMM\Engine\macros.h">
      <Filter>Header Files</Filter>
    </ClInclude>
    <ClInclude Include="..\SWMM\Engine\mathexpr.h">
      <Filter>Header Files</Filter>
    </ClInclude>
    <ClInclude Include="..\SWMM\Engine\mempool.h">
      <Filter>Header Files</Filter>
    </ClInclude>
    <ClInclude Include="..\SWMM\Engine\objects.h">
      <Filter>Header Files</Filter>
    </ClInclude>
    <ClInclude Include="..\SWMM\Engine\odesolve.h">
      <Filter>Header Files</Filter>
    </ClInclude>
    <ClInclude Include="Geometry\PlaneFit.h">
      <Filter>Header Files</Filter>
    </ClInclude>
    <ClInclude Include="src\shapefil.h">
      <Filter>Header Files</Filter>
    </ClInclude>
    <ClInclude Include="..\SWMM\Engine\swmm5.h">
      <Filter>Header Files</Filter>
    </ClInclude>
    <ClInclude Include="..\SWMM\Engine\text.h">
      <Filter>Header Files</Filter>
    </ClInclude>
  </ItemGroup>
  <ItemGroup>
    <None Include="..\SWMM\Engine\xsect.dat">
      <Filter>Resource Files</Filter>
    </None>
  </ItemGroup>
  <ItemGroup>
    <Text Include="TODO.txt">
      <Filter>Resource Files</Filter>
    </Text>
  </ItemGroup>
  <ItemGroup>
    <CustomBuild Include="..\SWMM\Engine\swmm5.def">
      <Filter>Resource Files</Filter>
    </CustomBuild>
  </ItemGroup>
</Project>